
Microsoft Visual Studio Solution File, Format Version 12.00
# Visual Studio Version 17
VisualStudioVersion = 17.6.33829.357
MinimumVisualStudioVersion = 10.0.40219.1
Project("{FAE04EC0-301F-11D3-BF4B-00C04F79EFBC}") = "Pizzapan.EntityLayer", "PizzapanEntityLayer\Pizzapan.EntityLayer.csproj", "{34F92871-4989-46E2-83FE-3A11393BFE1D}"
EndProject
Project("{FAE04EC0-301F-11D3-BF4B-00C04F79EFBC}") = "Pizzapan.DataAccessLayer", "Pizzapan.DataAccessLayer\Pizzapan.DataAccessLayer.csproj", "{F17DAF1A-ADA2-4E21-A96A-F0A0AF67AB9A}"
EndProject
Project("{FAE04EC0-301F-11D3-BF4B-00C04F79EFBC}") = "Pizzapan.PresentationLayer", "Pizzapan.PresentationLayer\Pizzapan.PresentationLayer.csproj", "{10FDF487-E3B2-4BA5-A7FB-3C30C840D099}"
EndProject
Project("{FAE04EC0-301F-11D3-BF4B-00C04F79EFBC}") = "Pizzapan.BusinessLayer", "Pizzapan.BusinessLayer\Pizzapan.BusinessLayer.csproj", "{4B5648B1-DADE-4267-9153-17C93EC68488}"
EndProject
Global
	GlobalSection(SolutionConfigurationPlatforms) = preSolution
		Debug|Any CPU = Debug|Any CPU
		Release|Any CPU = Release|Any CPU
	EndGlobalSection
	GlobalSection(ProjectConfigurationPlatforms) = postSolution
		{34F92871-4989-46E2-83FE-3A11393BFE1D}.Debug|Any CPU.ActiveCfg = Debug|Any CPU
		{34F92871-4989-46E2-83FE-3A11393BFE1D}.Debug|Any CPU.Build.0 = Debug|Any CPU
		{34F92871-4989-46E2-83FE-3A11393BFE1D}.Release|Any CPU.ActiveCfg = Release|Any CPU
		{34F92871-4989-46E2-83FE-3A11393BFE1D}.Release|Any CPU.Build.0 = Release|Any CPU
		{F17DAF1A-ADA2-4E21-A96A-F0A0AF67AB9A}.Debug|Any CPU.ActiveCfg = Debug|Any CPU
		{F17DAF1A-ADA2-4E21-A96A-F0A0AF67AB9A}.Debug|Any CPU.Build.0 = Debug|Any CPU
		{F17DAF1A-ADA2-4E21-A96A-F0A0AF67AB9A}.Release|Any CPU.ActiveCfg = Release|Any CPU
		{F17DAF1A-ADA2-4E21-A96A-F0A0AF67AB9A}.Release|Any CPU.Build.0 = Release|Any CPU
		{10FDF487-E3B2-4BA5-A7FB-3C30C840D099}.Debug|Any CPU.ActiveCfg = Debug|Any CPU
		{10FDF487-E3B2-4BA5-A7FB-3C30C840D099}.Debug|Any CPU.Build.0 = Debug|Any CPU
		{10FDF487-E3B2-4BA5-A7FB-3C30C840D099}.Release|Any CPU.ActiveCfg = Release|Any CPU
		{10FDF487-E3B2-4BA5-A7FB-3C30C840D099}.Release|Any CPU.Build.0 = Release|Any CPU
		{4B5648B1-DADE-4267-9153-17C93EC68488}.Debug|Any CPU.ActiveCfg = Debug|Any CPU
		{4B5648B1-DADE-4267-9153-17C93EC68488}.Debug|Any CPU.Build.0 = Debug|Any CPU
		{4B5648B1-DADE-4267-9153-17C93EC68488}.Release|Any CPU.ActiveCfg = Release|Any CPU
		{4B5648B1-DADE-4267-9153-17C93EC68488}.Release|Any CPU.Build.0 = Release|Any CPU
	EndGlobalSection
	GlobalSection(SolutionProperties) = preSolution
		HideSolutionNode = FALSE
	EndGlobalSection
	GlobalSection(ExtensibilityGlobals) = postSolution
		SolutionGuid = {A843832D-AF61-49DE-B4E7-132A2B540CD2}
	EndGlobalSection
EndGlobal
